
Microsoft Visual Studio Solution File, Format Version 12.00
# Visual Studio 14
VisualStudioVersion = 14.0.25420.1
MinimumVisualStudioVersion = 10.0.40219.1
Project("{2150E333-8FDC-42A3-9474-1A3956D46DE8}") = "Backend", "Backend", "{5B591598-03BD-46EC-9ED4-BD0C8AC7081C}"
EndProject
Project("{2150E333-8FDC-42A3-9474-1A3956D46DE8}") = "Common", "Common", "{D03FDA66-7E5C-4AA2-84DF-5E0881DFE4EE}"
EndProject
Project("{FAE04EC0-301F-11D3-BF4B-00C04F79EFBC}") = "GLD.GBES.FileService", "MicroService\GLD.GBES.FileService\GLD.GBES.FileService.csproj", "{8019CBA0-2B35-401E-B338-EB75124A4055}"
EndProject
Project("{FAE04EC0-301F-11D3-BF4B-00C04F79EFBC}") = "GLD.GBES.Contract", "Common\GLD.GBES.Contract\GLD.GBES.Contract.csproj", "{9A3516C6-7BD5-4943-B50C-7299EF181B29}"
EndProject
Project("{FAE04EC0-301F-11D3-BF4B-00C04F79EFBC}") = "GLD.GBES.Models", "Common\GLD.GBES.Models\GLD.GBES.Models.csproj", "{A58F8E81-B319-4EA7-ACEF-AC3DCF979099}"
EndProject
Project("{FAE04EC0-301F-11D3-BF4B-00C04F79EFBC}") = "GLD.GBES.BLL", "Backend\GLD.GBES.BLL\GLD.GBES.BLL.csproj", "{3CC6E094-9ACF-464D-8E31-8BA9DBBBCB97}"
EndProject
Project("{FAE04EC0-301F-11D3-BF4B-00C04F79EFBC}") = "GLD.GBES.IDAL", "Backend\GLD.GBES.IDAL\GLD.GBES.IDAL.csproj", "{C0051D64-E5CB-4833-A441-1FDB68B02CA1}"
EndProject
Project("{FAE04EC0-301F-11D3-BF4B-00C04F79EFBC}") = "GLD.GBES.DAL", "Backend\GLD.GBES.DAL\GLD.GBES.DAL.csproj", "{F3273207-75B3-497D-8BAE-369939492361}"
EndProject
Project("{FAE04EC0-301F-11D3-BF4B-00C04F79EFBC}") = "GLD.GBES.Utility", "Common\GLD.GBES.Utility\GLD.GBES.Utility.csproj", "{449732C5-C6E9-4328-8B31-F4974F09C486}"
EndProject
Project("{FAE04EC0-301F-11D3-BF4B-00C04F79EFBC}") = "GLD.GBES.Common", "Common\GLD.GBES.Common\GLD.GBES.Common.csproj", "{0DF243F0-CCC7-4702-BA3F-DDEF8780337D}"
EndProject
Project("{FAE04EC0-301F-11D3-BF4B-00C04F79EFBC}") = "GLD.GBES.WCFExtension", "Common\GLD.GBES.WCFExtension\GLD.GBES.WCFExtension.csproj", "{7BEAC95A-C242-4E50-B3D2-7C6CCA20D0F9}"
EndProject
Project("{FAE04EC0-301F-11D3-BF4B-00C04F79EFBC}") = "GLD.GBES.WCFClientProxy", "Common\GLD.GBES.WCFClientProxy\GLD.GBES.WCFClientProxy.csproj", "{4F7D6789-B9DC-4940-9E4B-B323A72DE41E}"
EndProject
Project("{2150E333-8FDC-42A3-9474-1A3956D46DE8}") = "MicroService", "MicroService", "{C3F5C59D-8BB6-4231-A339-E6BC37B19068}"
EndProject
Project("{FAE04EC0-301F-11D3-BF4B-00C04F79EFBC}") = "GLD.GBES.PdfService", "MicroService\GLD.GBES.PdfService\GLD.GBES.PdfService.csproj", "{0F8CF894-257F-429C-9911-01659079118D}"
EndProject
Project("{2150E333-8FDC-42A3-9474-1A3956D46DE8}") = "UnitTest", "UnitTest", "{903D16ED-6154-419D-90A0-8CC0E14DDFFC}"
EndProject
Project("{FAE04EC0-301F-11D3-BF4B-00C04F79EFBC}") = "WcfTest", "WcfTest\WcfTest.csproj", "{CC374809-76DC-45DA-AC2F-EDDAA4895D08}"
	ProjectSection(ProjectDependencies) = postProject
		{8019CBA0-2B35-401E-B338-EB75124A4055} = {8019CBA0-2B35-401E-B338-EB75124A4055}
	EndProjectSection
EndProject
Global
	GlobalSection(SolutionConfigurationPlatforms) = preSolution
		Debug|Any CPU = Debug|Any CPU
		Release|Any CPU = Release|Any CPU
	EndGlobalSection
	GlobalSection(ProjectConfigurationPlatforms) = postSolution
		{8019CBA0-2B35-401E-B338-EB75124A4055}.Debug|Any CPU.ActiveCfg = Debug|Any CPU
		{8019CBA0-2B35-401E-B338-EB75124A4055}.Debug|Any CPU.Build.0 = Debug|Any CPU
		{8019CBA0-2B35-401E-B338-EB75124A4055}.Release|Any CPU.ActiveCfg = Release|Any CPU
		{8019CBA0-2B35-401E-B338-EB75124A4055}.Release|Any CPU.Build.0 = Release|Any CPU
		{9A3516C6-7BD5-4943-B50C-7299EF181B29}.Debug|Any CPU.ActiveCfg = Debug|Any CPU
		{9A3516C6-7BD5-4943-B50C-7299EF181B29}.Debug|Any CPU.Build.0 = Debug|Any CPU
		{9A3516C6-7BD5-4943-B50C-7299EF181B29}.Release|Any CPU.ActiveCfg = Release|Any CPU
		{9A3516C6-7BD5-4943-B50C-7299EF181B29}.Release|Any CPU.Build.0 = Release|Any CPU
		{A58F8E81-B319-4EA7-ACEF-AC3DCF979099}.Debug|Any CPU.ActiveCfg = Debug|Any CPU
		{A58F8E81-B319-4EA7-ACEF-AC3DCF979099}.Debug|Any CPU.Build.0 = Debug|Any CPU
		{A58F8E81-B319-4EA7-ACEF-AC3DCF979099}.Release|Any CPU.ActiveCfg = Release|Any CPU
		{A58F8E81-B319-4EA7-ACEF-AC3DCF979099}.Release|Any CPU.Build.0 = Release|Any CPU
		{3CC6E094-9ACF-464D-8E31-8BA9DBBBCB97}.Debug|Any CPU.ActiveCfg = Debug|Any CPU
		{3CC6E094-9ACF-464D-8E31-8BA9DBBBCB97}.Debug|Any CPU.Build.0 = Debug|Any CPU
		{3CC6E094-9ACF-464D-8E31-8BA9DBBBCB97}.Release|Any CPU.ActiveCfg = Release|Any CPU
		{3CC6E094-9ACF-464D-8E31-8BA9DBBBCB97}.Release|Any CPU.Build.0 = Release|Any CPU
		{C0051D64-E5CB-4833-A441-1FDB68B02CA1}.Debug|Any CPU.ActiveCfg = Debug|Any CPU
		{C0051D64-E5CB-4833-A441-1FDB68B02CA1}.Debug|Any CPU.Build.0 = Debug|Any CPU
		{C0051D64-E5CB-4833-A441-1FDB68B02CA1}.Release|Any CPU.ActiveCfg = Release|Any CPU
		{C0051D64-E5CB-4833-A441-1FDB68B02CA1}.Release|Any CPU.Build.0 = Release|Any CPU
		{F3273207-75B3-497D-8BAE-369939492361}.Debug|Any CPU.ActiveCfg = Debug|Any CPU
		{F3273207-75B3-497D-8BAE-369939492361}.Debug|Any CPU.Build.0 = Debug|Any CPU
		{F3273207-75B3-497D-8BAE-369939492361}.Release|Any CPU.ActiveCfg = Release|Any CPU
		{F3273207-75B3-497D-8BAE-369939492361}.Release|Any CPU.Build.0 = Release|Any CPU
		{449732C5-C6E9-4328-8B31-F4974F09C486}.Debug|Any CPU.ActiveCfg = Debug|Any CPU
		{449732C5-C6E9-4328-8B31-F4974F09C486}.Debug|Any CPU.Build.0 = Debug|Any CPU
		{449732C5-C6E9-4328-8B31-F4974F09C486}.Release|Any CPU.ActiveCfg = Release|Any CPU
		{449732C5-C6E9-4328-8B31-F4974F09C486}.Release|Any CPU.Build.0 = Release|Any CPU
		{0DF243F0-CCC7-4702-BA3F-DDEF8780337D}.Debug|Any CPU.ActiveCfg = Debug|Any CPU
		{0DF243F0-CCC7-4702-BA3F-DDEF8780337D}.Debug|Any CPU.Build.0 = Debug|Any CPU
		{0DF243F0-CCC7-4702-BA3F-DDEF8780337D}.Release|Any CPU.ActiveCfg = Release|Any CPU
		{0DF243F0-CCC7-4702-BA3F-DDEF8780337D}.Release|Any CPU.Build.0 = Release|Any CPU
		{7BEAC95A-C242-4E50-B3D2-7C6CCA20D0F9}.Debug|Any CPU.ActiveCfg = Debug|Any CPU
		{7BEAC95A-C242-4E50-B3D2-7C6CCA20D0F9}.Debug|Any CPU.Build.0 = Debug|Any CPU
		{7BEAC95A-C242-4E50-B3D2-7C6CCA20D0F9}.Release|Any CPU.ActiveCfg = Release|Any CPU
		{7BEAC95A-C242-4E50-B3D2-7C6CCA20D0F9}.Release|Any CPU.Build.0 = Release|Any CPU
		{4F7D6789-B9DC-4940-9E4B-B323A72DE41E}.Debug|Any CPU.ActiveCfg = Debug|Any CPU
		{4F7D6789-B9DC-4940-9E4B-B323A72DE41E}.Debug|Any CPU.Build.0 = Debug|Any CPU
		{4F7D6789-B9DC-4940-9E4B-B323A72DE41E}.Release|Any CPU.ActiveCfg = Release|Any CPU
		{4F7D6789-B9DC-4940-9E4B-B323A72DE41E}.Release|Any CPU.Build.0 = Release|Any CPU
		{0F8CF894-257F-429C-9911-01659079118D}.Debug|Any CPU.ActiveCfg = Debug|Any CPU
		{0F8CF894-257F-429C-9911-01659079118D}.Debug|Any CPU.Build.0 = Debug|Any CPU
		{0F8CF894-257F-429C-9911-01659079118D}.Release|Any CPU.ActiveCfg = Release|Any CPU
		{0F8CF894-257F-429C-9911-01659079118D}.Release|Any CPU.Build.0 = Release|Any CPU
		{CC374809-76DC-45DA-AC2F-EDDAA4895D08}.Debug|Any CPU.ActiveCfg = Debug|Any CPU
		{CC374809-76DC-45DA-AC2F-EDDAA4895D08}.Debug|Any CPU.Build.0 = Debug|Any CPU
		{CC374809-76DC-45DA-AC2F-EDDAA4895D08}.Release|Any CPU.ActiveCfg = Release|Any CPU
		{CC374809-76DC-45DA-AC2F-EDDAA4895D08}.Release|Any CPU.Build.0 = Release|Any CPU
	EndGlobalSection
	GlobalSection(SolutionProperties) = preSolution
		HideSolutionNode = FALSE
	EndGlobalSection
	GlobalSection(NestedProjects) = preSolution
		{8019CBA0-2B35-401E-B338-EB75124A4055} = {C3F5C59D-8BB6-4231-A339-E6BC37B19068}
		{9A3516C6-7BD5-4943-B50C-7299EF181B29} = {D03FDA66-7E5C-4AA2-84DF-5E0881DFE4EE}
		{A58F8E81-B319-4EA7-ACEF-AC3DCF979099} = {D03FDA66-7E5C-4AA2-84DF-5E0881DFE4EE}
		{3CC6E094-9ACF-464D-8E31-8BA9DBBBCB97} = {5B591598-03BD-46EC-9ED4-BD0C8AC7081C}
		{C0051D64-E5CB-4833-A441-1FDB68B02CA1} = {5B591598-03BD-46EC-9ED4-BD0C8AC7081C}
		{F3273207-75B3-497D-8BAE-369939492361} = {5B591598-03BD-46EC-9ED4-BD0C8AC7081C}
		{449732C5-C6E9-4328-8B31-F4974F09C486} = {D03FDA66-7E5C-4AA2-84DF-5E0881DFE4EE}
		{0DF243F0-CCC7-4702-BA3F-DDEF8780337D} = {D03FDA66-7E5C-4AA2-84DF-5E0881DFE4EE}
		{7BEAC95A-C242-4E50-B3D2-7C6CCA20D0F9} = {D03FDA66-7E5C-4AA2-84DF-5E0881DFE4EE}
		{4F7D6789-B9DC-4940-9E4B-B323A72DE41E} = {D03FDA66-7E5C-4AA2-84DF-5E0881DFE4EE}
		{0F8CF894-257F-429C-9911-01659079118D} = {C3F5C59D-8BB6-4231-A339-E6BC37B19068}
		{CC374809-76DC-45DA-AC2F-EDDAA4895D08} = {903D16ED-6154-419D-90A0-8CC0E14DDFFC}
	EndGlobalSection
EndGlobal
